
Microsoft Visual Studio Solution File, Format Version 12.00
# Visual Studio Version 17
VisualStudioVersion = 17.5.33627.172
MinimumVisualStudioVersion = 10.0.40219.1
Project("{FAE04EC0-301F-11D3-BF4B-00C04F79EFBC}") = "ScreenSound", "ScreenSound\ScreenSound.csproj", "{CABBFF6C-1936-40F3-8EC6-51C0869BBEFC}"
EndProject
Global
	GlobalSection(SolutionConfigurationPlatforms) = preSolution
		Debug|Any CPU = Debug|Any CPU
		Release|Any CPU = Release|Any CPU
	EndGlobalSection
	GlobalSection(ProjectConfigurationPlatforms) = postSolution
		{CABBFF6C-1936-40F3-8EC6-51C0869BBEFC}.Debug|Any CPU.ActiveCfg = Debug|Any CPU
		{CABBFF6C-1936-40F3-8EC6-51C0869BBEFC}.Debug|Any CPU.Build.0 = Debug|Any CPU
		{CABBFF6C-1936-40F3-8EC6-51C0869BBEFC}.Release|Any CPU.ActiveCfg = Release|Any CPU
		{CABBFF6C-1936-40F3-8EC6-51C0869BBEFC}.Release|Any CPU.Build.0 = Release|Any CPU
	EndGlobalSection
	GlobalSection(SolutionProperties) = preSolution
		HideSolutionNode = FALSE
	EndGlobalSection
	GlobalSection(ExtensibilityGlobals) = postSolution
		SolutionGuid = {EDF6DFA6-E043-45DD-8232-BB704E9A640A}
	EndGlobalSection
EndGlobal
